// !$*UTF8*$!
{
	archiveVersion = 1;
	classes = {
	};
	objectVersion = 46;
	objects = {

/* Begin PBXBuildFile section */
		025F5D8EB2E086811A1830A6 /* libPods-iOS App Signer.a in Frameworks */ = {isa = PBXBuildFile; fileRef = E396FC2B15EB756973A94708 /* libPods-iOS App Signer.a */; };
		632C14C829B851E20018EE4E /* LocalNotificationManager.swift in Sources */ = {isa = PBXBuildFile; fileRef = 632C14C729B851E20018EE4E /* LocalNotificationManager.swift */; };
		632C14CA29B87B720018EE4E /* DKChangeFile.swift in Sources */ = {isa = PBXBuildFile; fileRef = 632C14C929B87B720018EE4E /* DKChangeFile.swift */; };
		632C14CC29B87C5F0018EE4E /* DKJsonFileModel.swift in Sources */ = {isa = PBXBuildFile; fileRef = 632C14CB29B87C5F0018EE4E /* DKJsonFileModel.swift */; };
		6377E3A229BB0E1400E50B7A /* Log.swift in Sources */ = {isa = PBXBuildFile; fileRef = 6377E39829BB0E1400E50B7A /* Log.swift */; };
		6377E3A329BB0E1400E50B7A /* ProvisioningProfile.swift in Sources */ = {isa = PBXBuildFile; fileRef = 6377E39929BB0E1400E50B7A /* ProvisioningProfile.swift */; };
		6377E3A429BB0E1400E50B7A /* NSMenuLink.swift in Sources */ = {isa = PBXBuildFile; fileRef = 6377E39A29BB0E1400E50B7A /* NSMenuLink.swift */; };
		6377E3A529BB0E1400E50B7A /* iASShared.swift in Sources */ = {isa = PBXBuildFile; fileRef = 6377E39B29BB0E1400E50B7A /* iASShared.swift */; };
		6377E3A629BB0E1400E50B7A /* NSTask-execute.swift in Sources */ = {isa = PBXBuildFile; fileRef = 6377E39D29BB0E1400E50B7A /* NSTask-execute.swift */; };
		6377E3A729BB0E1400E50B7A /* String+extension.swift in Sources */ = {isa = PBXBuildFile; fileRef = 6377E39E29BB0E1400E50B7A /* String+extension.swift */; };
		6377E3A829BB0E1400E50B7A /* StringByAppendingPathComponent.swift in Sources */ = {isa = PBXBuildFile; fileRef = 6377E39F29BB0E1400E50B7A /* StringByAppendingPathComponent.swift */; };
		6377E3A929BB0E1400E50B7A /* Codable+Extension.swift in Sources */ = {isa = PBXBuildFile; fileRef = 6377E3A029BB0E1400E50B7A /* Codable+Extension.swift */; };
		6377E3AA29BB0E1400E50B7A /* Data+Extension.swift in Sources */ = {isa = PBXBuildFile; fileRef = 6377E3A129BB0E1400E50B7A /* Data+Extension.swift */; };
		652408CC1BE743D4006FA4C6 /* AppDelegate.swift in Sources */ = {isa = PBXBuildFile; fileRef = 652408CB1BE743D4006FA4C6 /* AppDelegate.swift */; };
		652408CE1BE743D4006FA4C6 /* MainView.swift in Sources */ = {isa = PBXBuildFile; fileRef = 652408CD1BE743D4006FA4C6 /* MainView.swift */; };
		652408D01BE743D4006FA4C6 /* Assets.xcassets in Resources */ = {isa = PBXBuildFile; fileRef = 652408CF1BE743D4006FA4C6 /* Assets.xcassets */; };
		65311EB61BF88EB800516EFD /* Application.xib in Resources */ = {isa = PBXBuildFile; fileRef = 65311EB51BF88EB800516EFD /* Application.xib */; };
		659734941C65A14300383D2D /* Updates.xib in Resources */ = {isa = PBXBuildFile; fileRef = 659734931C65A14300383D2D /* Updates.xib */; };
		659734961C65A1E800383D2D /* UpdatesController.swift in Sources */ = {isa = PBXBuildFile; fileRef = 659734951C65A1E800383D2D /* UpdatesController.swift */; };
		659734A01C65B5F600383D2D /* MarkdownTokenizer.m in Sources */ = {isa = PBXBuildFile; fileRef = 6597349A1C65B5F600383D2D /* MarkdownTokenizer.m */; };
		659734A11C65B5F600383D2D /* MarkdownTokens.m in Sources */ = {isa = PBXBuildFile; fileRef = 6597349C1C65B5F600383D2D /* MarkdownTokens.m */; };
		659734A21C65B5F600383D2D /* NSAttributedStringMarkdownParser.m in Sources */ = {isa = PBXBuildFile; fileRef = 6597349F1C65B5F600383D2D /* NSAttributedStringMarkdownParser.m */; };
		659734A71C65B94F00383D2D /* fmemopen.c in Sources */ = {isa = PBXBuildFile; fileRef = 659734A41C65B94F00383D2D /* fmemopen.c */; };
		65CED3A32D8B6F3E00E9185B /* fix-wwdr.sh in Resources */ = {isa = PBXBuildFile; fileRef = 65CED3A22D8B6F3E00E9185B /* fix-wwdr.sh */; };
		B4D52A2229BF0A2C00AC1CD6 /* InfoTest.plist in Resources */ = {isa = PBXBuildFile; fileRef = B4D52A2129BF0A2C00AC1CD6 /* InfoTest.plist */; };
		B4D52A2529BF2AE000AC1CD6 /* PlistBuddy in Resources */ = {isa = PBXBuildFile; fileRef = B4D52A2429BF2AE000AC1CD6 /* PlistBuddy */; };
/* End PBXBuildFile section */

/* Begin PBXFileReference section */
		454CED4D9B88F1830C4B41B4 /* Pods-iOS App Signer.debug.xcconfig */ = {isa = PBXFileReference; includeInIndex = 1; lastKnownFileType = text.xcconfig; name = "Pods-iOS App Signer.debug.xcconfig"; path = "Target Support Files/Pods-iOS App Signer/Pods-iOS App Signer.debug.xcconfig"; sourceTree = "<group>"; };
		45FAF2E57B1319746BB87979 /* Pods-iOS App Signer.release.xcconfig */ = {isa = PBXFileReference; includeInIndex = 1; lastKnownFileType = text.xcconfig; name = "Pods-iOS App Signer.release.xcconfig"; path = "Target Support Files/Pods-iOS App Signer/Pods-iOS App Signer.release.xcconfig"; sourceTree = "<group>"; };
		632C14C729B851E20018EE4E /* LocalNotificationManager.swift */ = {isa = PBXFileReference; lastKnownFileType = sourcecode.swift; path = LocalNotificationManager.swift; sourceTree = "<group>"; };
		632C14C929B87B720018EE4E /* DKChangeFile.swift */ = {isa = PBXFileReference; lastKnownFileType = sourcecode.swift; path = DKChangeFile.swift; sourceTree = "<group>"; };
		632C14CB29B87C5F0018EE4E /* DKJsonFileModel.swift */ = {isa = PBXFileReference; fileEncoding = 4; lastKnownFileType = sourcecode.swift; path = DKJsonFileModel.swift; sourceTree = "<group>"; };
		6377E39829BB0E1400E50B7A /* Log.swift */ = {isa = PBXFileReference; fileEncoding = 4; lastKnownFileType = sourcecode.swift; path = Log.swift; sourceTree = "<group>"; };
		6377E39929BB0E1400E50B7A /* ProvisioningProfile.swift */ = {isa = PBXFileReference; fileEncoding = 4; lastKnownFileType = sourcecode.swift; path = ProvisioningProfile.swift; sourceTree = "<group>"; };
		6377E39A29BB0E1400E50B7A /* NSMenuLink.swift */ = {isa = PBXFileReference; fileEncoding = 4; lastKnownFileType = sourcecode.swift; path = NSMenuLink.swift; sourceTree = "<group>"; };
		6377E39B29BB0E1400E50B7A /* iASShared.swift */ = {isa = PBXFileReference; fileEncoding = 4; lastKnownFileType = sourcecode.swift; path = iASShared.swift; sourceTree = "<group>"; };
		6377E39D29BB0E1400E50B7A /* NSTask-execute.swift */ = {isa = PBXFileReference; fileEncoding = 4; lastKnownFileType = sourcecode.swift; path = "NSTask-execute.swift"; sourceTree = "<group>"; };
		6377E39E29BB0E1400E50B7A /* String+extension.swift */ = {isa = PBXFileReference; fileEncoding = 4; lastKnownFileType = sourcecode.swift; path = "String+extension.swift"; sourceTree = "<group>"; };
		6377E39F29BB0E1400E50B7A /* StringByAppendingPathComponent.swift */ = {isa = PBXFileReference; fileEncoding = 4; lastKnownFileType = sourcecode.swift; path = StringByAppendingPathComponent.swift; sourceTree = "<group>"; };
		6377E3A029BB0E1400E50B7A /* Codable+Extension.swift */ = {isa = PBXFileReference; fileEncoding = 4; lastKnownFileType = sourcecode.swift; path = "Codable+Extension.swift"; sourceTree = "<group>"; };
		6377E3A129BB0E1400E50B7A /* Data+Extension.swift */ = {isa = PBXFileReference; fileEncoding = 4; lastKnownFileType = sourcecode.swift; path = "Data+Extension.swift"; sourceTree = "<group>"; };
		6377E3AB29BB112C00E50B7A /* iOS App Signer-Bridging-Header.h */ = {isa = PBXFileReference; fileEncoding = 4; lastKnownFileType = sourcecode.c.h; name = "iOS App Signer-Bridging-Header.h"; path = "Resources/iOS App Signer-Bridging-Header.h"; sourceTree = "<group>"; };
		652408C81BE743D4006FA4C6 /* iOS App Signer.app */ = {isa = PBXFileReference; explicitFileType = wrapper.application; includeInIndex = 0; path = "iOS App Signer.app"; sourceTree = BUILT_PRODUCTS_DIR; };
		652408CB1BE743D4006FA4C6 /* AppDelegate.swift */ = {isa = PBXFileReference; lastKnownFileType = sourcecode.swift; path = AppDelegate.swift; sourceTree = "<group>"; };
		652408CD1BE743D4006FA4C6 /* MainView.swift */ = {isa = PBXFileReference; lastKnownFileType = sourcecode.swift; path = MainView.swift; sourceTree = "<group>"; };
		652408CF1BE743D4006FA4C6 /* Assets.xcassets */ = {isa = PBXFileReference; lastKnownFileType = folder.assetcatalog; path = Assets.xcassets; sourceTree = "<group>"; };
		652408D41BE743D4006FA4C6 /* Info.plist */ = {isa = PBXFileReference; lastKnownFileType = text.plist.xml; path = Info.plist; sourceTree = "<group>"; };
		65311EB51BF88EB800516EFD /* Application.xib */ = {isa = PBXFileReference; fileEncoding = 4; lastKnownFileType = file.xib; path = Application.xib; sourceTree = "<group>"; };
		659734931C65A14300383D2D /* Updates.xib */ = {isa = PBXFileReference; fileEncoding = 4; lastKnownFileType = file.xib; path = Updates.xib; sourceTree = "<group>"; };
		659734951C65A1E800383D2D /* UpdatesController.swift */ = {isa = PBXFileReference; fileEncoding = 4; lastKnownFileType = sourcecode.swift; path = UpdatesController.swift; sourceTree = "<group>"; };
		659734991C65B5F500383D2D /* iOS App Signer-Bridging-Header.h */ = {isa = PBXFileReference; lastKnownFileType = sourcecode.c.h; path = "iOS App Signer-Bridging-Header.h"; sourceTree = "<group>"; };
		6597349A1C65B5F600383D2D /* MarkdownTokenizer.m */ = {isa = PBXFileReference; fileEncoding = 4; lastKnownFileType = sourcecode.c.objc; name = MarkdownTokenizer.m; path = NimbusKit/markdown/MarkdownTokenizer.m; sourceTree = "<group>"; };
		6597349B1C65B5F600383D2D /* MarkdownTokens.h */ = {isa = PBXFileReference; fileEncoding = 4; lastKnownFileType = sourcecode.c.h; name = MarkdownTokens.h; path = NimbusKit/markdown/MarkdownTokens.h; sourceTree = "<group>"; };
		6597349C1C65B5F600383D2D /* MarkdownTokens.m */ = {isa = PBXFileReference; fileEncoding = 4; lastKnownFileType = sourcecode.c.objc; name = MarkdownTokens.m; path = NimbusKit/markdown/MarkdownTokens.m; sourceTree = "<group>"; };
		6597349D1C65B5F600383D2D /* NimbusMarkdown.h */ = {isa = PBXFileReference; fileEncoding = 4; lastKnownFileType = sourcecode.c.h; name = NimbusMarkdown.h; path = NimbusKit/markdown/NimbusMarkdown.h; sourceTree = "<group>"; };
		6597349E1C65B5F600383D2D /* NSAttributedStringMarkdownParser.h */ = {isa = PBXFileReference; fileEncoding = 4; lastKnownFileType = sourcecode.c.h; name = NSAttributedStringMarkdownParser.h; path = NimbusKit/markdown/NSAttributedStringMarkdownParser.h; sourceTree = "<group>"; };
		6597349F1C65B5F600383D2D /* NSAttributedStringMarkdownParser.m */ = {isa = PBXFileReference; fileEncoding = 4; lastKnownFileType = sourcecode.c.objc; name = NSAttributedStringMarkdownParser.m; path = NimbusKit/markdown/NSAttributedStringMarkdownParser.m; sourceTree = "<group>"; };
		659734A41C65B94F00383D2D /* fmemopen.c */ = {isa = PBXFileReference; fileEncoding = 4; lastKnownFileType = sourcecode.c.c; name = fmemopen.c; path = NimbusKit/memorymapping/fmemopen.c; sourceTree = "<group>"; };
		659734A51C65B94F00383D2D /* fmemopen.h */ = {isa = PBXFileReference; fileEncoding = 4; lastKnownFileType = sourcecode.c.h; name = fmemopen.h; path = NimbusKit/memorymapping/fmemopen.h; sourceTree = "<group>"; };
		659734A61C65B94F00383D2D /* NimbusMemoryMapping.h */ = {isa = PBXFileReference; fileEncoding = 4; lastKnownFileType = sourcecode.c.h; name = NimbusMemoryMapping.h; path = NimbusKit/memorymapping/NimbusMemoryMapping.h; sourceTree = "<group>"; };
		65B24E0D1BECB30D005D2068 /* AppSigner.entitlements */ = {isa = PBXFileReference; lastKnownFileType = text.xml; path = AppSigner.entitlements; sourceTree = "<group>"; };
		65CED3A22D8B6F3E00E9185B /* fix-wwdr.sh */ = {isa = PBXFileReference; fileEncoding = 4; lastKnownFileType = text.script.sh; name = "fix-wwdr.sh"; path = "Resources/fix-wwdr.sh"; sourceTree = "<group>"; };
		B4D52A2129BF0A2C00AC1CD6 /* InfoTest.plist */ = {isa = PBXFileReference; lastKnownFileType = file.bplist; path = InfoTest.plist; sourceTree = "<group>"; };
		B4D52A2429BF2AE000AC1CD6 /* PlistBuddy */ = {isa = PBXFileReference; lastKnownFileType = "compiled.mach-o.executable"; name = PlistBuddy; path = Resources/PlistBuddy; sourceTree = "<group>"; };
		E396FC2B15EB756973A94708 /* libPods-iOS App Signer.a */ = {isa = PBXFileReference; explicitFileType = archive.ar; includeInIndex = 0; path = "libPods-iOS App Signer.a"; sourceTree = BUILT_PRODUCTS_DIR; };
/* End PBXFileReference section */

/* Begin PBXFrameworksBuildPhase section */
		652408C51BE743D4006FA4C6 /* Frameworks */ = {
			isa = PBXFrameworksBuildPhase;
			buildActionMask = 2147483647;
			files = (
				025F5D8EB2E086811A1830A6 /* libPods-iOS App Signer.a in Frameworks */,
			);
			runOnlyForDeploymentPostprocessing = 0;
		};
/* End PBXFrameworksBuildPhase section */

/* Begin PBXGroup section */
		6377E39729BB0E1400E50B7A /* Classes */ = {
			isa = PBXGroup;
			children = (
				6377E39829BB0E1400E50B7A /* Log.swift */,
				6377E39929BB0E1400E50B7A /* ProvisioningProfile.swift */,
				6377E39A29BB0E1400E50B7A /* NSMenuLink.swift */,
				6377E39B29BB0E1400E50B7A /* iASShared.swift */,
			);
			path = Classes;
			sourceTree = "<group>";
		};
		6377E39C29BB0E1400E50B7A /* Extensions */ = {
			isa = PBXGroup;
			children = (
				6377E39D29BB0E1400E50B7A /* NSTask-execute.swift */,
				6377E39E29BB0E1400E50B7A /* String+extension.swift */,
				6377E39F29BB0E1400E50B7A /* StringByAppendingPathComponent.swift */,
				6377E3A029BB0E1400E50B7A /* Codable+Extension.swift */,
				6377E3A129BB0E1400E50B7A /* Data+Extension.swift */,
			);
			path = Extensions;
			sourceTree = "<group>";
		};
		652408BF1BE743D4006FA4C6 = {
			isa = PBXGroup;
			children = (
				B4D52A2129BF0A2C00AC1CD6 /* InfoTest.plist */,
				659734971C65B5B900383D2D /* NimbusKit */,
				652408CA1BE743D4006FA4C6 /* AppSigner */,
				652408C91BE743D4006FA4C6 /* Products */,
				D168F0E0DBE47A0498902A06 /* Pods */,
				8280535A4F640A21FCE3ABF7 /* Frameworks */,
			);
			sourceTree = "<group>";
		};
		652408C91BE743D4006FA4C6 /* Products */ = {
			isa = PBXGroup;
			children = (
				652408C81BE743D4006FA4C6 /* iOS App Signer.app */,
			);
			name = Products;
			sourceTree = "<group>";
		};
		652408CA1BE743D4006FA4C6 /* AppSigner */ = {
			isa = PBXGroup;
			children = (
				6377E39729BB0E1400E50B7A /* Classes */,
				6377E39C29BB0E1400E50B7A /* Extensions */,
				65CED3A12D8B6F1B00E9185B /* Resources */,
				65311EB51BF88EB800516EFD /* Application.xib */,
				659734931C65A14300383D2D /* Updates.xib */,
				659734951C65A1E800383D2D /* UpdatesController.swift */,
				65B24E0D1BECB30D005D2068 /* AppSigner.entitlements */,
				652408CB1BE743D4006FA4C6 /* AppDelegate.swift */,
				652408CD1BE743D4006FA4C6 /* MainView.swift */,
				632C14C729B851E20018EE4E /* LocalNotificationManager.swift */,
				632C14C929B87B720018EE4E /* DKChangeFile.swift */,
				632C14CB29B87C5F0018EE4E /* DKJsonFileModel.swift */,
				652408CF1BE743D4006FA4C6 /* Assets.xcassets */,
				652408D41BE743D4006FA4C6 /* Info.plist */,
			);
			path = AppSigner;
			sourceTree = "<group>";
		};
		659734971C65B5B900383D2D /* NimbusKit */ = {
			isa = PBXGroup;
			children = (
				659734A31C65B93E00383D2D /* memorymapping */,
				659734981C65B5C200383D2D /* markdown */,
			);
			name = NimbusKit;
			sourceTree = "<group>";
		};
		659734981C65B5C200383D2D /* markdown */ = {
			isa = PBXGroup;
			children = (
				6597349A1C65B5F600383D2D /* MarkdownTokenizer.m */,
				6597349B1C65B5F600383D2D /* MarkdownTokens.h */,
				6597349C1C65B5F600383D2D /* MarkdownTokens.m */,
				6597349D1C65B5F600383D2D /* NimbusMarkdown.h */,
				6597349E1C65B5F600383D2D /* NSAttributedStringMarkdownParser.h */,
				6597349F1C65B5F600383D2D /* NSAttributedStringMarkdownParser.m */,
				659734991C65B5F500383D2D /* iOS App Signer-Bridging-Header.h */,
			);
			name = markdown;
			sourceTree = "<group>";
		};
		659734A31C65B93E00383D2D /* memorymapping */ = {
			isa = PBXGroup;
			children = (
				659734A41C65B94F00383D2D /* fmemopen.c */,
				659734A51C65B94F00383D2D /* fmemopen.h */,
				659734A61C65B94F00383D2D /* NimbusMemoryMapping.h */,
			);
			name = memorymapping;
			sourceTree = "<group>";
		};
		65CED3A12D8B6F1B00E9185B /* Resources */ = {
			isa = PBXGroup;
			children = (
				B4D52A2429BF2AE000AC1CD6 /* PlistBuddy */,
				65CED3A22D8B6F3E00E9185B /* fix-wwdr.sh */,
				6377E3AB29BB112C00E50B7A /* iOS App Signer-Bridging-Header.h */,
			);
			name = Resources;
			sourceTree = "<group>";
		};
		8280535A4F640A21FCE3ABF7 /* Frameworks */ = {
			isa = PBXGroup;
			children = (
				E396FC2B15EB756973A94708 /* libPods-iOS App Signer.a */,
			);
			name = Frameworks;
			sourceTree = "<group>";
		};
		D168F0E0DBE47A0498902A06 /* Pods */ = {
			isa = PBXGroup;
			children = (
				454CED4D9B88F1830C4B41B4 /* Pods-iOS App Signer.debug.xcconfig */,
				45FAF2E57B1319746BB87979 /* Pods-iOS App Signer.release.xcconfig */,
			);
			path = Pods;
			sourceTree = "<group>";
		};
/* End PBXGroup section */

/* Begin PBXNativeTarget section */
		652408C71BE743D4006FA4C6 /* iOS App Signer */ = {
			isa = PBXNativeTarget;
			buildConfigurationList = 652408ED1BE743D4006FA4C6 /* Build configuration list for PBXNativeTarget "iOS App Signer" */;
			buildPhases = (
				EA1C05F695CDB46F1338AFA7 /* [CP] Check Pods Manifest.lock */,
				652408C41BE743D4006FA4C6 /* Sources */,
				652408C51BE743D4006FA4C6 /* Frameworks */,
				652408C61BE743D4006FA4C6 /* Resources */,
			);
			buildRules = (
			);
			dependencies = (
			);
			name = "iOS App Signer";
			productName = AppSigner;
			productReference = 652408C81BE743D4006FA4C6 /* iOS App Signer.app */;
			productType = "com.apple.product-type.application";
		};
/* End PBXNativeTarget section */

/* Begin PBXProject section */
		652408C01BE743D4006FA4C6 /* Project object */ = {
			isa = PBXProject;
			attributes = {
				LastSwiftUpdateCheck = 0720;
				LastUpgradeCheck = 0810;
				ORGANIZATIONNAME = "Daniel Radtke";
				TargetAttributes = {
					652408C71BE743D4006FA4C6 = {
						CreatedOnToolsVersion = 7.1;
						LastSwiftMigration = 1020;
						ProvisioningStyle = Manual;
						SystemCapabilities = {
							com.apple.Sandbox = {
								enabled = 0;
							};
						};
					};
				};
			};
			buildConfigurationList = 652408C31BE743D4006FA4C6 /* Build configuration list for PBXProject "iOS App Signer" */;
			compatibilityVersion = "Xcode 3.2";
			developmentRegion = English;
			hasScannedForEncodings = 0;
			knownRegions = (
				English,
				en,
				Base,
			);
			mainGroup = 652408BF1BE743D4006FA4C6;
			productRefGroup = 652408C91BE743D4006FA4C6 /* Products */;
			projectDirPath = "";
			projectRoot = "";
			targets = (
				652408C71BE743D4006FA4C6 /* iOS App Signer */,
			);
		};
/* End PBXProject section */

/* Begin PBXResourcesBuildPhase section */
		652408C61BE743D4006FA4C6 /* Resources */ = {
			isa = PBXResourcesBuildPhase;
			buildActionMask = 2147483647;
			files = (
				B4D52A2529BF2AE000AC1CD6 /* PlistBuddy in Resources */,
				B4D52A2229BF0A2C00AC1CD6 /* InfoTest.plist in Resources */,
				65CED3A32D8B6F3E00E9185B /* fix-wwdr.sh in Resources */,
				65311EB61BF88EB800516EFD /* Application.xib in Resources */,
				652408D01BE743D4006FA4C6 /* Assets.xcassets in Resources */,
				659734941C65A14300383D2D /* Updates.xib in Resources */,
			);
			runOnlyForDeploymentPostprocessing = 0;
		};
/* End PBXResourcesBuildPhase section */

/* Begin PBXShellScriptBuildPhase section */
		EA1C05F695CDB46F1338AFA7 /* [CP] Check Pods Manifest.lock */ = {
			isa = PBXShellScriptBuildPhase;
			buildActionMask = 2147483647;
			files = (
			);
			inputFileListPaths = (
			);
			inputPaths = (
				"${PODS_PODFILE_DIR_PATH}/Podfile.lock",
				"${PODS_ROOT}/Manifest.lock",
			);
			name = "[CP] Check Pods Manifest.lock";
			outputFileListPaths = (
			);
			outputPaths = (
				"$(DERIVED_FILE_DIR)/Pods-iOS App Signer-checkManifestLockResult.txt",
			);
			runOnlyForDeploymentPostprocessing = 0;
			shellPath = /bin/sh;
			shellScript = "diff \"${PODS_PODFILE_DIR_PATH}/Podfile.lock\" \"${PODS_ROOT}/Manifest.lock\" > /dev/null\nif [ $? != 0 ] ; then\n    # print error to STDERR\n    echo \"error: The sandbox is not in sync with the Podfile.lock. Run 'pod install' or update your CocoaPods installation.\" >&2\n    exit 1\nfi\n# This output is used by Xcode 'outputs' to avoid re-running this script phase.\necho \"SUCCESS\" > \"${SCRIPT_OUTPUT_FILE_0}\"\n";
			showEnvVarsInLog = 0;
		};
/* End PBXShellScriptBuildPhase section */

/* Begin PBXSourcesBuildPhase section */
		652408C41BE743D4006FA4C6 /* Sources */ = {
			isa = PBXSourcesBuildPhase;
			buildActionMask = 2147483647;
			files = (
				6377E3A929BB0E1400E50B7A /* Codable+Extension.swift in Sources */,
				6377E3A729BB0E1400E50B7A /* String+extension.swift in Sources */,
				6377E3A829BB0E1400E50B7A /* StringByAppendingPathComponent.swift in Sources */,
				6377E3A529BB0E1400E50B7A /* iASShared.swift in Sources */,
				6377E3A329BB0E1400E50B7A /* ProvisioningProfile.swift in Sources */,
				6377E3A629BB0E1400E50B7A /* NSTask-execute.swift in Sources */,
				659734A01C65B5F600383D2D /* MarkdownTokenizer.m in Sources */,
				632C14CA29B87B720018EE4E /* DKChangeFile.swift in Sources */,
				6377E3A229BB0E1400E50B7A /* Log.swift in Sources */,
				6377E3A429BB0E1400E50B7A /* NSMenuLink.swift in Sources */,
				652408CE1BE743D4006FA4C6 /* MainView.swift in Sources */,
				659734A71C65B94F00383D2D /* fmemopen.c in Sources */,
				6377E3AA29BB0E1400E50B7A /* Data+Extension.swift in Sources */,
				659734A11C65B5F600383D2D /* MarkdownTokens.m in Sources */,
				652408CC1BE743D4006FA4C6 /* AppDelegate.swift in Sources */,
				659734961C65A1E800383D2D /* UpdatesController.swift in Sources */,
				632C14CC29B87C5F0018EE4E /* DKJsonFileModel.swift in Sources */,
				659734A21C65B5F600383D2D /* NSAttributedStringMarkdownParser.m in Sources */,
				632C14C829B851E20018EE4E /* LocalNotificationManager.swift in Sources */,
			);
			runOnlyForDeploymentPostprocessing = 0;
		};
/* End PBXSourcesBuildPhase section */

/* Begin XCBuildConfiguration section */
		652408EB1BE743D4006FA4C6 /* Debug */ = {
			isa = XCBuildConfiguration;
			buildSettings = {
				ALWAYS_SEARCH_USER_PATHS = NO;
				CLANG_CXX_LANGUAGE_STANDARD = "gnu++0x";
				CLANG_CXX_LIBRARY = "libc++";
				CLANG_ENABLE_MODULES = YES;
				CLANG_ENABLE_OBJC_ARC = YES;
				CLANG_WARN_BOOL_CONVERSION = YES;
				CLANG_WARN_CONSTANT_CONVERSION = YES;
				CLANG_WARN_DIRECT_OBJC_ISA_USAGE = YES_ERROR;
				CLANG_WARN_EMPTY_BODY = YES;
				CLANG_WARN_ENUM_CONVERSION = YES;
				CLANG_WARN_INFINITE_RECURSION = YES;
				CLANG_WARN_INT_CONVERSION = YES;
				CLANG_WARN_OBJC_ROOT_CLASS = YES_ERROR;
				CLANG_WARN_SUSPICIOUS_MOVE = YES;
				CLANG_WARN_UNREACHABLE_CODE = YES;
				CLANG_WARN__DUPLICATE_METHOD_MATCH = YES;
				CODE_SIGN_IDENTITY = "-";
				COPY_PHASE_STRIP = NO;
				DEBUG_INFORMATION_FORMAT = dwarf;
				ENABLE_STRICT_OBJC_MSGSEND = YES;
				ENABLE_TESTABILITY = YES;
				GCC_C_LANGUAGE_STANDARD = gnu99;
				GCC_DYNAMIC_NO_PIC = NO;
				GCC_NO_COMMON_BLOCKS = YES;
				GCC_OPTIMIZATION_LEVEL = 0;
				GCC_PREPROCESSOR_DEFINITIONS = (
					"DEBUG=1",
					"$(inherited)",
				);
				GCC_WARN_64_TO_32_BIT_CONVERSION = YES;
				GCC_WARN_ABOUT_RETURN_TYPE = YES_ERROR;
				GCC_WARN_UNDECLARED_SELECTOR = YES;
				GCC_WARN_UNINITIALIZED_AUTOS = YES_AGGRESSIVE;
				GCC_WARN_UNUSED_FUNCTION = YES;
				GCC_WARN_UNUSED_VARIABLE = YES;
				MACOSX_DEPLOYMENT_TARGET = 10.9;
				MTL_ENABLE_DEBUG_INFO = YES;
				ONLY_ACTIVE_ARCH = YES;
				SDKROOT = macosx;
				SWIFT_OPTIMIZATION_LEVEL = "-Onone";
			};
			name = Debug;
		};
		652408EC1BE743D4006FA4C6 /* Release */ = {
			isa = XCBuildConfiguration;
			buildSettings = {
				ALWAYS_SEARCH_USER_PATHS = NO;
				CLANG_CXX_LANGUAGE_STANDARD = "gnu++0x";
				CLANG_CXX_LIBRARY = "libc++";
				CLANG_ENABLE_MODULES = YES;
				CLANG_ENABLE_OBJC_ARC = YES;
				CLANG_WARN_BOOL_CONVERSION = YES;
				CLANG_WARN_CONSTANT_CONVERSION = YES;
				CLANG_WARN_DIRECT_OBJC_ISA_USAGE = YES_ERROR;
				CLANG_WARN_EMPTY_BODY = YES;
				CLANG_WARN_ENUM_CONVERSION = YES;
				CLANG_WARN_INFINITE_RECURSION = YES;
				CLANG_WARN_INT_CONVERSION = YES;
				CLANG_WARN_OBJC_ROOT_CLASS = YES_ERROR;
				CLANG_WARN_SUSPICIOUS_MOVE = YES;
				CLANG_WARN_UNREACHABLE_CODE = YES;
				CLANG_WARN__DUPLICATE_METHOD_MATCH = YES;
				CODE_SIGN_IDENTITY = "-";
				COPY_PHASE_STRIP = NO;
				DEBUG_INFORMATION_FORMAT = "dwarf-with-dsym";
				ENABLE_NS_ASSERTIONS = NO;
				ENABLE_STRICT_OBJC_MSGSEND = YES;
				GCC_C_LANGUAGE_STANDARD = gnu99;
				GCC_NO_COMMON_BLOCKS = YES;
				GCC_WARN_64_TO_32_BIT_CONVERSION = YES;
				GCC_WARN_ABOUT_RETURN_TYPE = YES_ERROR;
				GCC_WARN_UNDECLARED_SELECTOR = YES;
				GCC_WARN_UNINITIALIZED_AUTOS = YES_AGGRESSIVE;
				GCC_WARN_UNUSED_FUNCTION = YES;
				GCC_WARN_UNUSED_VARIABLE = YES;
				MACOSX_DEPLOYMENT_TARGET = 10.9;
				MTL_ENABLE_DEBUG_INFO = NO;
				SDKROOT = macosx;
				SWIFT_OPTIMIZATION_LEVEL = "-Owholemodule";
			};
			name = Release;
		};
		652408EE1BE743D4006FA4C6 /* Debug */ = {
			isa = XCBuildConfiguration;
			baseConfigurationReference = 454CED4D9B88F1830C4B41B4 /* Pods-iOS App Signer.debug.xcconfig */;
			buildSettings = {
				ASSETCATALOG_COMPILER_APPICON_NAME = AppIcon;
				CLANG_ENABLE_MODULES = YES;
				CODE_SIGN_IDENTITY = "Mac Developer";
				"CODE_SIGN_IDENTITY[sdk=macosx*]" = "-";
				CODE_SIGN_STYLE = Manual;
				COMBINE_HIDPI_IMAGES = YES;
				DEVELOPMENT_TEAM = "";
				"DEVELOPMENT_TEAM[sdk=macosx*]" = "";
				ENABLE_HARDENED_RUNTIME = YES;
				INFOPLIST_FILE = AppSigner/Info.plist;
				LD_RUNPATH_SEARCH_PATHS = "$(inherited) @executable_path/../Frameworks";
				MACOSX_DEPLOYMENT_TARGET = 10.9;
				PRODUCT_BUNDLE_IDENTIFIER = com.dd.device;
				PRODUCT_NAME = "iOS App Signer";
				PROVISIONING_PROFILE_SPECIFIER = "";
				"PROVISIONING_PROFILE_SPECIFIER[sdk=macosx*]" = "";
				SWIFT_OBJC_BRIDGING_HEADER = "iOS App Signer-Bridging-Header.h";
				SWIFT_OPTIMIZATION_LEVEL = "-Onone";
				SWIFT_VERSION = 5.0;
			};
			name = Debug;
		};
		652408EF1BE743D4006FA4C6 /* Release */ = {
			isa = XCBuildConfiguration;
			baseConfigurationReference = 45FAF2E57B1319746BB87979 /* Pods-iOS App Signer.release.xcconfig */;
			buildSettings = {
				ASSETCATALOG_COMPILER_APPICON_NAME = AppIcon;
				CLANG_ENABLE_MODULES = YES;
				CODE_SIGN_IDENTITY = "Apple Development";
				"CODE_SIGN_IDENTITY[sdk=macosx*]" = "-";
				CODE_SIGN_STYLE = Manual;
				COMBINE_HIDPI_IMAGES = YES;
				DEVELOPMENT_TEAM = "";
				ENABLE_HARDENED_RUNTIME = YES;
				INFOPLIST_FILE = AppSigner/Info.plist;
				LD_RUNPATH_SEARCH_PATHS = "$(inherited) @executable_path/../Frameworks";
				MACOSX_DEPLOYMENT_TARGET = 10.9;
				PRODUCT_BUNDLE_IDENTIFIER = com.DanTheMan827.AppSigner;
				PRODUCT_NAME = "iOS App Signer";
				PROVISIONING_PROFILE_SPECIFIER = "";
				SWIFT_OBJC_BRIDGING_HEADER = "iOS App Signer-Bridging-Header.h";
				SWIFT_VERSION = 5.0;
			};
			name = Release;
		};
/* End XCBuildConfiguration section */

/* Begin XCConfigurationList section */
		652408C31BE743D4006FA4C6 /* Build configuration list for PBXProject "iOS App Signer" */ = {
			isa = XCConfigurationList;
			buildConfigurations = (
				652408EB1BE743D4006FA4C6 /* Debug */,
				652408EC1BE743D4006FA4C6 /* Release */,
			);
			defaultConfigurationIsVisible = 0;
			defaultConfigurationName = Release;
		};
		652408ED1BE743D4006FA4C6 /* Build configuration list for PBXNativeTarget "iOS App Signer" */ = {
			isa = XCConfigurationList;
			buildConfigurations = (
				652408EE1BE743D4006FA4C6 /* Debug */,
				652408EF1BE743D4006FA4C6 /* Release */,
			);
			defaultConfigurationIsVisible = 0;
			defaultConfigurationName = Release;
		};
/* End XCConfigurationList section */
	};
	rootObject = 652408C01BE743D4006FA4C6 /* Project object */;
}
